
Microsoft Visual Studio Solution File, Format Version 12.00
# Visual Studio Version 17
VisualStudioVersion = 17.8.34511.84
MinimumVisualStudioVersion = 10.0.40219.1
Project("{FAE04EC0-301F-11D3-BF4B-00C04F79EFBC}") = "ProgettoSettimanale-CalcoloTasse", "ProgettoSettimanale-CalcoloTasse.csproj", "{FECE3AC4-B42D-48AD-9ECC-C9320881CDAC}"
EndProject
Global
	GlobalSection(SolutionConfigurationPlatforms) = preSolution
		Debug|Any CPU = Debug|Any CPU
		Release|Any CPU = Release|Any CPU
	EndGlobalSection
	GlobalSection(ProjectConfigurationPlatforms) = postSolution
		{FECE3AC4-B42D-48AD-9ECC-C9320881CDAC}.Debug|Any CPU.ActiveCfg = Debug|Any CPU
		{FECE3AC4-B42D-48AD-9ECC-C9320881CDAC}.Debug|Any CPU.Build.0 = Debug|Any CPU
		{FECE3AC4-B42D-48AD-9ECC-C9320881CDAC}.Release|Any CPU.ActiveCfg = Release|Any CPU
		{FECE3AC4-B42D-48AD-9ECC-C9320881CDAC}.Release|Any CPU.Build.0 = Release|Any CPU
	EndGlobalSection
	GlobalSection(SolutionProperties) = preSolution
		HideSolutionNode = FALSE
	EndGlobalSection
	GlobalSection(ExtensibilityGlobals) = postSolution
		SolutionGuid = {CD56A784-94FA-4D32-ADF4-86ED5D7B87FC}
	EndGlobalSection
EndGlobal
